
Microsoft Visual Studio Solution File, Format Version 12.00
# Visual Studio Version 16
VisualStudioVersion = 16.0.30503.244
MinimumVisualStudioVersion = 10.0.40219.1
Project("{FAE04EC0-301F-11D3-BF4B-00C04F79EFBC}") = "boolean", "boolean.csproj", "{5BB90AF0-4D69-402F-8DD6-44A3AC63EF73}"
EndProject
Global
	GlobalSection(SolutionConfigurationPlatforms) = preSolution
		Debug|Any CPU = Debug|Any CPU
		Release|Any CPU = Release|Any CPU
	EndGlobalSection
	GlobalSection(ProjectConfigurationPlatforms) = postSolution
		{5BB90AF0-4D69-402F-8DD6-44A3AC63EF73}.Debug|Any CPU.ActiveCfg = Debug|Any CPU
		{5BB90AF0-4D69-402F-8DD6-44A3AC63EF73}.Debug|Any CPU.Build.0 = Debug|Any CPU
		{5BB90AF0-4D69-402F-8DD6-44A3AC63EF73}.Release|Any CPU.ActiveCfg = Release|Any CPU
		{5BB90AF0-4D69-402F-8DD6-44A3AC63EF73}.Release|Any CPU.Build.0 = Release|Any CPU
	EndGlobalSection
	GlobalSection(SolutionProperties) = preSolution
		HideSolutionNode = FALSE
	EndGlobalSection
	GlobalSection(ExtensibilityGlobals) = postSolution
		SolutionGuid = {F7058713-399D-40E0-AFC4-9F974AAAFD65}
	EndGlobalSection
EndGlobal
